PODS:
  - Appirater (1.0.3)
  - Nimbus/Core (1.0.0)
  - Nimbus/WebController (1.0.0):
    - Nimbus/Core
  - SPThanksViewController (0.0.1):
    - Nimbus/WebController
  - SVProgressHUD (0.9)
  - WCAlertView (1.0.1)

DEPENDENCIES:
  - Appirater
  - SPThanksViewController (from `https://github.com/tnantoka/SPThanksViewController.git`)
  - SVProgressHUD
  - WCAlertView

EXTERNAL SOURCES:
  SPThanksViewController:
    :git: https://github.com/tnantoka/SPThanksViewController.git

SPEC CHECKSUMS:
  Appirater: 1c146af7b0ef3e2114a17db2e185f94367f63a99
  Nimbus: 3cab0289af9fab0674a95c0d161c223bd47697c6
  SPThanksViewController: 4d3dbe5c47834a64e625f2ca66c0886de70fb5a5
  SVProgressHUD: 03d4845ec8e64591726428a08236c6a5489d45f8
  WCAlertView: 940e47509875d85cc42abedafc41d310007f9174

COCOAPODS: 0.20.1
